
Microsoft Visual Studio Solution File, Format Version 12.00
# Visual Studio 15
VisualStudioVersion = 15.0.28307.136
MinimumVisualStudioVersion = 10.0.40219.1
Project("{9092AA53-FB77-4645-B42D-1CCCA6BD08BD}") = "nodeExcel", "nodeExcel\nodeExcel.njsproj", "{0022ED1C-2A10-47BB-AF78-CE9FEC591498}"
EndProject
Global
	GlobalSection(SolutionConfigurationPlatforms) = preSolution
		Debug|Any CPU = Debug|Any CPU
		Release|Any CPU = Release|Any CPU
	EndGlobalSection
	GlobalSection(ProjectConfigurationPlatforms) = postSolution
		{0022ED1C-2A10-47BB-AF78-CE9FEC591498}.Debug|Any CPU.ActiveCfg = Debug|Any CPU
		{0022ED1C-2A10-47BB-AF78-CE9FEC591498}.Debug|Any CPU.Build.0 = Debug|Any CPU
		{0022ED1C-2A10-47BB-AF78-CE9FEC591498}.Release|Any CPU.ActiveCfg = Release|Any CPU
		{0022ED1C-2A10-47BB-AF78-CE9FEC591498}.Release|Any CPU.Build.0 = Release|Any CPU
	EndGlobalSection
	GlobalSection(SolutionProperties) = preSolution
		HideSolutionNode = FALSE
	EndGlobalSection
	GlobalSection(ExtensibilityGlobals) = postSolution
		SolutionGuid = {59AAF0D6-B750-43E7-8F9F-71CB76AA9DD3}
	EndGlobalSection
EndGlobal
